// !$*UTF8*$!
{
	archiveVersion = 1;
	classes = {
	};
	objectVersion = 55;
	objects = {

/* Begin PBXBuildFile section */
		C7A3C9C7291E748300020A38 /* VerticalToolbarPresenter.swift in Sources */ = {isa = PBXBuildFile; fileRef = C7A3C9B7291E748300020A38 /* VerticalToolbarPresenter.swift */; };
		C7A3C9C8291E748300020A38 /* VerticalToolbarView.swift in Sources */ = {isa = PBXBuildFile; fileRef = C7A3C9B8291E748300020A38 /* VerticalToolbarView.swift */; };
		C7A3C9C9291E748300020A38 /* VerticalToolbarInteractor.swift in Sources */ = {isa = PBXBuildFile; fileRef = C7A3C9B9291E748300020A38 /* VerticalToolbarInteractor.swift */; };
		C7A3C9CA291E748300020A38 /* VerticalToolbarRouter.swift in Sources */ = {isa = PBXBuildFile; fileRef = C7A3C9BA291E748300020A38 /* VerticalToolbarRouter.swift */; };
		C7A3C9CC291E748300020A38 /* VerticalToolbarInputRouterProtocol.swift in Sources */ = {isa = PBXBuildFile; fileRef = C7A3C9BE291E748300020A38 /* VerticalToolbarInputRouterProtocol.swift */; };
		C7A3C9CD291E748300020A38 /* VerticalToolbarInputViewProtocol.swift in Sources */ = {isa = PBXBuildFile; fileRef = C7A3C9BF291E748300020A38 /* VerticalToolbarInputViewProtocol.swift */; };
		C7A3C9CE291E748300020A38 /* VerticalToolbarInputInteractorProtocol.swift in Sources */ = {isa = PBXBuildFile; fileRef = C7A3C9C0291E748300020A38 /* VerticalToolbarInputInteractorProtocol.swift */; };
		C7A3C9CF291E748300020A38 /* VerticalToolbarOutputInteractorProtocol.swift in Sources */ = {isa = PBXBuildFile; fileRef = C7A3C9C2291E748300020A38 /* VerticalToolbarOutputInteractorProtocol.swift */; };
		C7A3C9D0291E748300020A38 /* VerticalToolbarOutputViewProtocol.swift in Sources */ = {isa = PBXBuildFile; fileRef = C7A3C9C3291E748300020A38 /* VerticalToolbarOutputViewProtocol.swift */; };
		C7A3C9DB291E751700020A38 /* UIViewController+Common.swift in Sources */ = {isa = PBXBuildFile; fileRef = C7A3C9D7291E751700020A38 /* UIViewController+Common.swift */; };
		C7A3C9E2291E78AE00020A38 /* Toolbar.swift in Sources */ = {isa = PBXBuildFile; fileRef = C7A3C9E1291E78AE00020A38 /* Toolbar.swift */; };
		C7A3C9E4291E7F0800020A38 /* Array+Common.swift in Sources */ = {isa = PBXBuildFile; fileRef = C7A3C9E3291E7F0800020A38 /* Array+Common.swift */; };
		C7A3C9E6291E803F00020A38 /* VerticalToolbarView.storyboard in Resources */ = {isa = PBXBuildFile; fileRef = C7A3C9E5291E803F00020A38 /* VerticalToolbarView.storyboard */; };
		C7A3C9FB291E872100020A38 /* BaseInteractor.swift in Sources */ = {isa = PBXBuildFile; fileRef = C7A3C9EB291E872100020A38 /* BaseInteractor.swift */; };
		C7A3C9FC291E872100020A38 /* BasePresenter.swift in Sources */ = {isa = PBXBuildFile; fileRef = C7A3C9EC291E872100020A38 /* BasePresenter.swift */; };
		C7A3C9FD291E872100020A38 /* BaseRouter.swift in Sources */ = {isa = PBXBuildFile; fileRef = C7A3C9ED291E872100020A38 /* BaseRouter.swift */; };
		C7A3C9FE291E872100020A38 /* BaseView.swift in Sources */ = {isa = PBXBuildFile; fileRef = C7A3C9EE291E872100020A38 /* BaseView.swift */; };
		C7A3C9FF291E872100020A38 /* BaseInputInteractorProtocol.swift in Sources */ = {isa = PBXBuildFile; fileRef = C7A3C9F1291E872100020A38 /* BaseInputInteractorProtocol.swift */; };
		C7A3CA00291E872100020A38 /* BaseInputViewProtocol.swift in Sources */ = {isa = PBXBuildFile; fileRef = C7A3C9F2291E872100020A38 /* BaseInputViewProtocol.swift */; };
		C7A3CA01291E872100020A38 /* BaseInputRouterProtocol.swift in Sources */ = {isa = PBXBuildFile; fileRef = C7A3C9F3291E872100020A38 /* BaseInputRouterProtocol.swift */; };
		C7A3CA02291E872100020A38 /* BaseOutputViewProtocol.swift in Sources */ = {isa = PBXBuildFile; fileRef = C7A3C9F5291E872100020A38 /* BaseOutputViewProtocol.swift */; };
		C7A3CA03291E872100020A38 /* BaseOutputInteractorProtocol.swift in Sources */ = {isa = PBXBuildFile; fileRef = C7A3C9F6291E872100020A38 /* BaseOutputInteractorProtocol.swift */; };
		C7A3CA09291E873500020A38 /* BaseView.storyboard in Resources */ = {isa = PBXBuildFile; fileRef = C7A3CA08291E873500020A38 /* BaseView.storyboard */; };
		C7A3CA46291EA20C00020A38 /* BadgeButton.swift in Sources */ = {isa = PBXBuildFile; fileRef = C7A3CA45291EA20C00020A38 /* BadgeButton.swift */; };
		C7A7C693291E6B4C00B170D0 /* AppDelegate.swift in Sources */ = {isa = PBXBuildFile; fileRef = C7A7C692291E6B4C00B170D0 /* AppDelegate.swift */; };
		C7A7C69C291E6B4F00B170D0 /* Assets.xcassets in Resources */ = {isa = PBXBuildFile; fileRef = C7A7C69B291E6B4F00B170D0 /* Assets.xcassets */; };
		C7A7C69F291E6B4F00B170D0 /* LaunchScreen.storyboard in Resources */ = {isa = PBXBuildFile; fileRef = C7A7C69D291E6B4F00B170D0 /* LaunchScreen.storyboard */; };
		C7A7C6A9291E6CF100B170D0 /* MainViewController.swift in Sources */ = {isa = PBXBuildFile; fileRef = C7A7C6A8291E6CF100B170D0 /* MainViewController.swift */; };
		C7A7C6AB291E6D1600B170D0 /* MainViewController.storyboard in Resources */ = {isa = PBXBuildFile; fileRef = C7A7C6AA291E6D1600B170D0 /* MainViewController.storyboard */; };
/* End PBXBuildFile section */

/* Begin PBXFileReference section */
		C7A3C9B7291E748300020A38 /* VerticalToolbarPresenter.swift */ = {isa = PBXFileReference; fileEncoding = 4; lastKnownFileType = sourcecode.swift; path = VerticalToolbarPresenter.swift; sourceTree = "<group>"; };
		C7A3C9B8291E748300020A38 /* VerticalToolbarView.swift */ = {isa = PBXFileReference; fileEncoding = 4; lastKnownFileType = sourcecode.swift; path = VerticalToolbarView.swift; sourceTree = "<group>"; };
		C7A3C9B9291E748300020A38 /* VerticalToolbarInteractor.swift */ = {isa = PBXFileReference; fileEncoding = 4; lastKnownFileType = sourcecode.swift; path = VerticalToolbarInteractor.swift; sourceTree = "<group>"; };
		C7A3C9BA291E748300020A38 /* VerticalToolbarRouter.swift */ = {isa = PBXFileReference; fileEncoding = 4; lastKnownFileType = sourcecode.swift; path = VerticalToolbarRouter.swift; sourceTree = "<group>"; };
		C7A3C9BE291E748300020A38 /* VerticalToolbarInputRouterProtocol.swift */ = {isa = PBXFileReference; fileEncoding = 4; lastKnownFileType = sourcecode.swift; path = VerticalToolbarInputRouterProtocol.swift; sourceTree = "<group>"; };
		C7A3C9BF291E748300020A38 /* VerticalToolbarInputViewProtocol.swift */ = {isa = PBXFileReference; fileEncoding = 4; lastKnownFileType = sourcecode.swift; path = VerticalToolbarInputViewProtocol.swift; sourceTree = "<group>"; };
		C7A3C9C0291E748300020A38 /* VerticalToolbarInputInteractorProtocol.swift */ = {isa = PBXFileReference; fileEncoding = 4; lastKnownFileType = sourcecode.swift; path = VerticalToolbarInputInteractorProtocol.swift; sourceTree = "<group>"; };
		C7A3C9C2291E748300020A38 /* VerticalToolbarOutputInteractorProtocol.swift */ = {isa = PBXFileReference; fileEncoding = 4; lastKnownFileType = sourcecode.swift; path = VerticalToolbarOutputInteractorProtocol.swift; sourceTree = "<group>"; };
		C7A3C9C3291E748300020A38 /* VerticalToolbarOutputViewProtocol.swift */ = {isa = PBXFileReference; fileEncoding = 4; lastKnownFileType = sourcecode.swift; path = VerticalToolbarOutputViewProtocol.swift; sourceTree = "<group>"; };
		C7A3C9D7291E751700020A38 /* UIViewController+Common.swift */ = {isa = PBXFileReference; fileEncoding = 4; lastKnownFileType = sourcecode.swift; path = "UIViewController+Common.swift"; sourceTree = "<group>"; };
		C7A3C9E1291E78AE00020A38 /* Toolbar.swift */ = {isa = PBXFileReference; lastKnownFileType = sourcecode.swift; path = Toolbar.swift; sourceTree = "<group>"; };
		C7A3C9E3291E7F0800020A38 /* Array+Common.swift */ = {isa = PBXFileReference; fileEncoding = 4; lastKnownFileType = sourcecode.swift; path = "Array+Common.swift"; sourceTree = "<group>"; };
		C7A3C9E5291E803F00020A38 /* VerticalToolbarView.storyboard */ = {isa = PBXFileReference; lastKnownFileType = file.storyboard; path = VerticalToolbarView.storyboard; sourceTree = "<group>"; };
		C7A3C9EB291E872100020A38 /* BaseInteractor.swift */ = {isa = PBXFileReference; fileEncoding = 4; lastKnownFileType = sourcecode.swift; path = BaseInteractor.swift; sourceTree = "<group>"; };
		C7A3C9EC291E872100020A38 /* BasePresenter.swift */ = {isa = PBXFileReference; fileEncoding = 4; lastKnownFileType = sourcecode.swift; path = BasePresenter.swift; sourceTree = "<group>"; };
		C7A3C9ED291E872100020A38 /* BaseRouter.swift */ = {isa = PBXFileReference; fileEncoding = 4; lastKnownFileType = sourcecode.swift; path = BaseRouter.swift; sourceTree = "<group>"; };
		C7A3C9EE291E872100020A38 /* BaseView.swift */ = {isa = PBXFileReference; fileEncoding = 4; lastKnownFileType = sourcecode.swift; path = BaseView.swift; sourceTree = "<group>"; };
		C7A3C9F1291E872100020A38 /* BaseInputInteractorProtocol.swift */ = {isa = PBXFileReference; fileEncoding = 4; lastKnownFileType = sourcecode.swift; path = BaseInputInteractorProtocol.swift; sourceTree = "<group>"; };
		C7A3C9F2291E872100020A38 /* BaseInputViewProtocol.swift */ = {isa = PBXFileReference; fileEncoding = 4; lastKnownFileType = sourcecode.swift; path = BaseInputViewProtocol.swift; sourceTree = "<group>"; };
		C7A3C9F3291E872100020A38 /* BaseInputRouterProtocol.swift */ = {isa = PBXFileReference; fileEncoding = 4; lastKnownFileType = sourcecode.swift; path = BaseInputRouterProtocol.swift; sourceTree = "<group>"; };
		C7A3C9F5291E872100020A38 /* BaseOutputViewProtocol.swift */ = {isa = PBXFileReference; fileEncoding = 4; lastKnownFileType = sourcecode.swift; path = BaseOutputViewProtocol.swift; sourceTree = "<group>"; };
		C7A3C9F6291E872100020A38 /* BaseOutputInteractorProtocol.swift */ = {isa = PBXFileReference; fileEncoding = 4; lastKnownFileType = sourcecode.swift; path = BaseOutputInteractorProtocol.swift; sourceTree = "<group>"; };
		C7A3CA08291E873500020A38 /* BaseView.storyboard */ = {isa = PBXFileReference; lastKnownFileType = file.storyboard; path = BaseView.storyboard; sourceTree = "<group>"; };
		C7A3CA45291EA20C00020A38 /* BadgeButton.swift */ = {isa = PBXFileReference; lastKnownFileType = sourcecode.swift; path = BadgeButton.swift; sourceTree = "<group>"; };
		C7A7C68F291E6B4C00B170D0 /* Studio.app */ = {isa = PBXFileReference; explicitFileType = wrapper.application; includeInIndex = 0; path = Studio.app; sourceTree = BUILT_PRODUCTS_DIR; };
		C7A7C692291E6B4C00B170D0 /* AppDelegate.swift */ = {isa = PBXFileReference; lastKnownFileType = sourcecode.swift; path = AppDelegate.swift; sourceTree = "<group>"; };
		C7A7C69B291E6B4F00B170D0 /* Assets.xcassets */ = {isa = PBXFileReference; lastKnownFileType = folder.assetcatalog; path = Assets.xcassets; sourceTree = "<group>"; };
		C7A7C69E291E6B4F00B170D0 /* Base */ = {isa = PBXFileReference; lastKnownFileType = file.storyboard; name = Base; path = Base.lproj/LaunchScreen.storyboard; sourceTree = "<group>"; };
		C7A7C6A0291E6B4F00B170D0 /* Info.plist */ = {isa = PBXFileReference; lastKnownFileType = text.plist.xml; path = Info.plist; sourceTree = "<group>"; };
		C7A7C6A6291E6B5D00B170D0 /* Studio.entitlements */ = {isa = PBXFileReference; lastKnownFileType = text.plist.entitlements; path = Studio.entitlements; sourceTree = "<group>"; };
		C7A7C6A8291E6CF100B170D0 /* MainViewController.swift */ = {isa = PBXFileReference; lastKnownFileType = sourcecode.swift; path = MainViewController.swift; sourceTree = "<group>"; };
		C7A7C6AA291E6D1600B170D0 /* MainViewController.storyboard */ = {isa = PBXFileReference; lastKnownFileType = file.storyboard; path = MainViewController.storyboard; sourceTree = "<group>"; };
/* End PBXFileReference section */

/* Begin PBXFrameworksBuildPhase section */
		C7A7C68C291E6B4C00B170D0 /* Frameworks */ = {
			isa = PBXFrameworksBuildPhase;
			buildActionMask = 2147483647;
			files = (
			);
			runOnlyForDeploymentPostprocessing = 0;
		};
/* End PBXFrameworksBuildPhase section */

/* Begin PBXGroup section */
		C7A3C9B2291E742200020A38 /* Modules */ = {
			isa = PBXGroup;
			children = (
				C7A3C9E9291E872000020A38 /* Base */,
				C7A3C9B5291E748300020A38 /* VerticalToolbar */,
			);
			path = Modules;
			sourceTree = "<group>";
		};
		C7A3C9B5291E748300020A38 /* VerticalToolbar */ = {
			isa = PBXGroup;
			children = (
				C7A3C9E5291E803F00020A38 /* VerticalToolbarView.storyboard */,
				C7A3C9B6291E748300020A38 /* Classes */,
				C7A3C9BB291E748300020A38 /* Protocols */,
			);
			path = VerticalToolbar;
			sourceTree = "<group>";
		};
		C7A3C9B6291E748300020A38 /* Classes */ = {
			isa = PBXGroup;
			children = (
				C7A3C9B9291E748300020A38 /* VerticalToolbarInteractor.swift */,
				C7A3C9B7291E748300020A38 /* VerticalToolbarPresenter.swift */,
				C7A3C9BA291E748300020A38 /* VerticalToolbarRouter.swift */,
				C7A3C9B8291E748300020A38 /* VerticalToolbarView.swift */,
			);
			path = Classes;
			sourceTree = "<group>";
		};
		C7A3C9BB291E748300020A38 /* Protocols */ = {
			isa = PBXGroup;
			children = (
				C7A3C9BD291E748300020A38 /* Input */,
				C7A3C9C1291E748300020A38 /* Output */,
			);
			path = Protocols;
			sourceTree = "<group>";
		};
		C7A3C9BD291E748300020A38 /* Input */ = {
			isa = PBXGroup;
			children = (
				C7A3C9C0291E748300020A38 /* VerticalToolbarInputInteractorProtocol.swift */,
				C7A3C9BE291E748300020A38 /* VerticalToolbarInputRouterProtocol.swift */,
				C7A3C9BF291E748300020A38 /* VerticalToolbarInputViewProtocol.swift */,
			);
			path = Input;
			sourceTree = "<group>";
		};
		C7A3C9C1291E748300020A38 /* Output */ = {
			isa = PBXGroup;
			children = (
				C7A3C9C2291E748300020A38 /* VerticalToolbarOutputInteractorProtocol.swift */,
				C7A3C9C3291E748300020A38 /* VerticalToolbarOutputViewProtocol.swift */,
			);
			path = Output;
			sourceTree = "<group>";
		};
		C7A3C9D4291E751700020A38 /* Extensions */ = {
			isa = PBXGroup;
			children = (
				C7A3C9E3291E7F0800020A38 /* Array+Common.swift */,
				C7A3C9D7291E751700020A38 /* UIViewController+Common.swift */,
			);
			path = Extensions;
			sourceTree = "<group>";
		};
		C7A3C9E0291E78A200020A38 /* Components */ = {
			isa = PBXGroup;
			children = (
				C7A3C9E1291E78AE00020A38 /* Toolbar.swift */,
				C7A3CA45291EA20C00020A38 /* BadgeButton.swift */,
			);
			path = Components;
			sourceTree = "<group>";
		};
		C7A3C9E9291E872000020A38 /* Base */ = {
			isa = PBXGroup;
			children = (
				C7A3CA08291E873500020A38 /* BaseView.storyboard */,
				C7A3C9EA291E872000020A38 /* Classes */,
				C7A3C9EF291E872100020A38 /* Protocols */,
			);
			path = Base;
			sourceTree = "<group>";
		};
		C7A3C9EA291E872000020A38 /* Classes */ = {
			isa = PBXGroup;
			children = (
				C7A3C9EB291E872100020A38 /* BaseInteractor.swift */,
				C7A3C9EC291E872100020A38 /* BasePresenter.swift */,
				C7A3C9ED291E872100020A38 /* BaseRouter.swift */,
				C7A3C9EE291E872100020A38 /* BaseView.swift */,
			);
			path = Classes;
			sourceTree = "<group>";
		};
		C7A3C9EF291E872100020A38 /* Protocols */ = {
			isa = PBXGroup;
			children = (
				C7A3C9F0291E872100020A38 /* Input */,
				C7A3C9F4291E872100020A38 /* Output */,
			);
			path = Protocols;
			sourceTree = "<group>";
		};
		C7A3C9F0291E872100020A38 /* Input */ = {
			isa = PBXGroup;
			children = (
				C7A3C9F1291E872100020A38 /* BaseInputInteractorProtocol.swift */,
				C7A3C9F3291E872100020A38 /* BaseInputRouterProtocol.swift */,
				C7A3C9F2291E872100020A38 /* BaseInputViewProtocol.swift */,
			);
			path = Input;
			sourceTree = "<group>";
		};
		C7A3C9F4291E872100020A38 /* Output */ = {
			isa = PBXGroup;
			children = (
				C7A3C9F6291E872100020A38 /* BaseOutputInteractorProtocol.swift */,
				C7A3C9F5291E872100020A38 /* BaseOutputViewProtocol.swift */,
			);
			path = Output;
			sourceTree = "<group>";
		};
		C7A3CA0A291E881F00020A38 /* MainViewController */ = {
			isa = PBXGroup;
			children = (
				C7A7C6AA291E6D1600B170D0 /* MainViewController.storyboard */,
				C7A7C6A8291E6CF100B170D0 /* MainViewController.swift */,
			);
			path = MainViewController;
			sourceTree = "<group>";
		};
		C7A7C686291E6B4C00B170D0 = {
			isa = PBXGroup;
			children = (
				C7A7C690291E6B4C00B170D0 /* Products */,
				C7A7C691291E6B4C00B170D0 /* Studio */,
			);
			sourceTree = "<group>";
		};
		C7A7C690291E6B4C00B170D0 /* Products */ = {
			isa = PBXGroup;
			children = (
				C7A7C68F291E6B4C00B170D0 /* Studio.app */,
			);
			name = Products;
			sourceTree = "<group>";
		};
		C7A7C691291E6B4C00B170D0 /* Studio */ = {
			isa = PBXGroup;
			children = (
				C7A3C9E0291E78A200020A38 /* Components */,
				C7A7C692291E6B4C00B170D0 /* AppDelegate.swift */,
				C7A3C9D4291E751700020A38 /* Extensions */,
				C7A3C9B2291E742200020A38 /* Modules */,
				C7A7C6A7291E6C2A00B170D0 /* Others */,
			);
			path = Studio;
			sourceTree = "<group>";
		};
		C7A7C6A7291E6C2A00B170D0 /* Others */ = {
			isa = PBXGroup;
			children = (
				C7A7C6A6291E6B5D00B170D0 /* Studio.entitlements */,
				C7A7C6A0291E6B4F00B170D0 /* Info.plist */,
				C7A7C69B291E6B4F00B170D0 /* Assets.xcassets */,
				C7A7C69D291E6B4F00B170D0 /* LaunchScreen.storyboard */,
				C7A3CA0A291E881F00020A38 /* MainViewController */,
			);
			path = Others;
			sourceTree = "<group>";
		};
/* End PBXGroup section */

/* Begin PBXNativeTarget section */
		C7A7C68E291E6B4C00B170D0 /* Studio */ = {
			isa = PBXNativeTarget;
			buildConfigurationList = C7A7C6A3291E6B4F00B170D0 /* Build configuration list for PBXNativeTarget "Studio" */;
			buildPhases = (
				C7A7C68B291E6B4C00B170D0 /* Sources */,
				C7A7C68C291E6B4C00B170D0 /* Frameworks */,
				C7A7C68D291E6B4C00B170D0 /* Resources */,
			);
			buildRules = (
			);
			dependencies = (
			);
			name = Studio;
			productName = Studio;
			productReference = C7A7C68F291E6B4C00B170D0 /* Studio.app */;
			productType = "com.apple.product-type.application";
		};
/* End PBXNativeTarget section */

/* Begin PBXProject section */
		C7A7C687291E6B4C00B170D0 /* Project object */ = {
			isa = PBXProject;
			attributes = {
				BuildIndependentTargetsInParallel = 1;
				LastSwiftUpdateCheck = 1340;
				LastUpgradeCheck = 1340;
				TargetAttributes = {
					C7A7C68E291E6B4C00B170D0 = {
						CreatedOnToolsVersion = 13.4.1;
					};
				};
			};
			buildConfigurationList = C7A7C68A291E6B4C00B170D0 /* Build configuration list for PBXProject "Studio" */;
			compatibilityVersion = "Xcode 13.0";
			developmentRegion = en;
			hasScannedForEncodings = 0;
			knownRegions = (
				en,
				Base,
			);
			mainGroup = C7A7C686291E6B4C00B170D0;
			productRefGroup = C7A7C690291E6B4C00B170D0 /* Products */;
			projectDirPath = "";
			projectRoot = "";
			targets = (
				C7A7C68E291E6B4C00B170D0 /* Studio */,
			);
		};
/* End PBXProject section */

/* Begin PBXResourcesBuildPhase section */
		C7A7C68D291E6B4C00B170D0 /* Resources */ = {
			isa = PBXResourcesBuildPhase;
			buildActionMask = 2147483647;
			files = (
				C7A7C69F291E6B4F00B170D0 /* LaunchScreen.storyboard in Resources */,
				C7A7C6AB291E6D1600B170D0 /* MainViewController.storyboard in Resources */,
				C7A3C9E6291E803F00020A38 /* VerticalToolbarView.storyboard in Resources */,
				C7A3CA09291E873500020A38 /* BaseView.storyboard in Resources */,
				C7A7C69C291E6B4F00B170D0 /* Assets.xcassets in Resources */,
			);
			runOnlyForDeploymentPostprocessing = 0;
		};
/* End PBXResourcesBuildPhase section */

/* Begin PBXSourcesBuildPhase section */
		C7A7C68B291E6B4C00B170D0 /* Sources */ = {
			isa = PBXSourcesBuildPhase;
			buildActionMask = 2147483647;
			files = (
				C7A3C9CD291E748300020A38 /* VerticalToolbarInputViewProtocol.swift in Sources */,
				C7A3C9FC291E872100020A38 /* BasePresenter.swift in Sources */,
				C7A3C9D0291E748300020A38 /* VerticalToolbarOutputViewProtocol.swift in Sources */,
				C7A3CA46291EA20C00020A38 /* BadgeButton.swift in Sources */,
				C7A3CA02291E872100020A38 /* BaseOutputViewProtocol.swift in Sources */,
				C7A3C9FB291E872100020A38 /* BaseInteractor.swift in Sources */,
				C7A3CA01291E872100020A38 /* BaseInputRouterProtocol.swift in Sources */,
				C7A3C9FF291E872100020A38 /* BaseInputInteractorProtocol.swift in Sources */,
				C7A3C9CF291E748300020A38 /* VerticalToolbarOutputInteractorProtocol.swift in Sources */,
				C7A3C9E4291E7F0800020A38 /* Array+Common.swift in Sources */,
				C7A3C9CA291E748300020A38 /* VerticalToolbarRouter.swift in Sources */,
				C7A3C9C8291E748300020A38 /* VerticalToolbarView.swift in Sources */,
				C7A3C9FE291E872100020A38 /* BaseView.swift in Sources */,
				C7A3C9C9291E748300020A38 /* VerticalToolbarInteractor.swift in Sources */,
				C7A3C9DB291E751700020A38 /* UIViewController+Common.swift in Sources */,
				C7A3C9CC291E748300020A38 /* VerticalToolbarInputRouterProtocol.swift in Sources */,
				C7A3CA03291E872100020A38 /* BaseOutputInteractorProtocol.swift in Sources */,
				C7A3C9E2291E78AE00020A38 /* Toolbar.swift in Sources */,
				C7A7C693291E6B4C00B170D0 /* AppDelegate.swift in Sources */,
				C7A7C6A9291E6CF100B170D0 /* MainViewController.swift in Sources */,
				C7A3C9FD291E872100020A38 /* BaseRouter.swift in Sources */,
				C7A3C9CE291E748300020A38 /* VerticalToolbarInputInteractorProtocol.swift in Sources */,
				C7A3C9C7291E748300020A38 /* VerticalToolbarPresenter.swift in Sources */,
				C7A3CA00291E872100020A38 /* BaseInputViewProtocol.swift in Sources */,
			);
			runOnlyForDeploymentPostprocessing = 0;
		};
/* End PBXSourcesBuildPhase section */

/* Begin PBXVariantGroup section */
		C7A7C69D291E6B4F00B170D0 /* LaunchScreen.storyboard */ = {
			isa = PBXVariantGroup;
			children = (
				C7A7C69E291E6B4F00B170D0 /* Base */,
			);
			name = LaunchScreen.storyboard;
			sourceTree = "<group>";
		};
/* End PBXVariantGroup section */

/* Begin XCBuildConfiguration section */
		C7A7C6A1291E6B4F00B170D0 /* Debug */ = {
			isa = XCBuildConfiguration;
			buildSettings = {
				ALWAYS_SEARCH_USER_PATHS = NO;
				CLANG_ANALYZER_NONNULL = YES;
				CLANG_ANALYZER_NUMBER_OBJECT_CONVERSION = YES_AGGRESSIVE;
				CLANG_CXX_LANGUAGE_STANDARD = "gnu++17";
				CLANG_ENABLE_MODULES = YES;
				CLANG_ENABLE_OBJC_ARC = YES;
				CLANG_ENABLE_OBJC_WEAK = YES;
				CLANG_WARN_BLOCK_CAPTURE_AUTORELEASING = YES;
				CLANG_WARN_BOOL_CONVERSION = YES;
				CLANG_WARN_COMMA = YES;
				CLANG_WARN_CONSTANT_CONVERSION = YES;
				CLANG_WARN_DEPRECATED_OBJC_IMPLEMENTATIONS = YES;
				CLANG_WARN_DIRECT_OBJC_ISA_USAGE = YES_ERROR;
				CLANG_WARN_DOCUMENTATION_COMMENTS = YES;
				CLANG_WARN_EMPTY_BODY = YES;
				CLANG_WARN_ENUM_CONVERSION = YES;
				CLANG_WARN_INFINITE_RECURSION = YES;
				CLANG_WARN_INT_CONVERSION = YES;
				CLANG_WARN_NON_LITERAL_NULL_CONVERSION = YES;
				CLANG_WARN_OBJC_IMPLICIT_RETAIN_SELF = YES;
				CLANG_WARN_OBJC_LITERAL_CONVERSION = YES;
				CLANG_WARN_OBJC_ROOT_CLASS = YES_ERROR;
				CLANG_WARN_QUOTED_INCLUDE_IN_FRAMEWORK_HEADER = YES;
				CLANG_WARN_RANGE_LOOP_ANALYSIS = YES;
				CLANG_WARN_STRICT_PROTOTYPES = YES;
				CLANG_WARN_SUSPICIOUS_MOVE = YES;
				CLANG_WARN_UNGUARDED_AVAILABILITY = YES_AGGRESSIVE;
				CLANG_WARN_UNREACHABLE_CODE = YES;
				CLANG_WARN__DUPLICATE_METHOD_MATCH = YES;
				COPY_PHASE_STRIP = NO;
				DEBUG_INFORMATION_FORMAT = dwarf;
				ENABLE_STRICT_OBJC_MSGSEND = YES;
				ENABLE_TESTABILITY = YES;
				GCC_C_LANGUAGE_STANDARD = gnu11;
				GCC_DYNAMIC_NO_PIC = NO;
				GCC_NO_COMMON_BLOCKS = YES;
				GCC_OPTIMIZATION_LEVEL = 0;
				GCC_PREPROCESSOR_DEFINITIONS = (
					"DEBUG=1",
					"$(inherited)",
				);
				GCC_WARN_64_TO_32_BIT_CONVERSION = YES;
				GCC_WARN_ABOUT_RETURN_TYPE = YES_ERROR;
				GCC_WARN_UNDECLARED_SELECTOR = YES;
				GCC_WARN_UNINITIALIZED_AUTOS = YES_AGGRESSIVE;
				GCC_WARN_UNUSED_FUNCTION = YES;
				GCC_WARN_UNUSED_VARIABLE = YES;
				IPHONEOS_DEPLOYMENT_TARGET = 15.5;
				MTL_ENABLE_DEBUG_INFO = INCLUDE_SOURCE;
				MTL_FAST_MATH = YES;
				ONLY_ACTIVE_ARCH = YES;
				SDKROOT = iphoneos;
				SWIFT_ACTIVE_COMPILATION_CONDITIONS = DEBUG;
				SWIFT_OPTIMIZATION_LEVEL = "-Onone";
			};
			name = Debug;
		};
		C7A7C6A2291E6B4F00B170D0 /* Release */ = {
			isa = XCBuildConfiguration;
			buildSettings = {
				ALWAYS_SEARCH_USER_PATHS = NO;
				CLANG_ANALYZER_NONNULL = YES;
				CLANG_ANALYZER_NUMBER_OBJECT_CONVERSION = YES_AGGRESSIVE;
				CLANG_CXX_LANGUAGE_STANDARD = "gnu++17";
				CLANG_ENABLE_MODULES = YES;
				CLANG_ENABLE_OBJC_ARC = YES;
				CLANG_ENABLE_OBJC_WEAK = YES;
				CLANG_WARN_BLOCK_CAPTURE_AUTORELEASING = YES;
				CLANG_WARN_BOOL_CONVERSION = YES;
				CLANG_WARN_COMMA = YES;
				CLANG_WARN_CONSTANT_CONVERSION = YES;
				CLANG_WARN_DEPRECATED_OBJC_IMPLEMENTATIONS = YES;
				CLANG_WARN_DIRECT_OBJC_ISA_USAGE = YES_ERROR;
				CLANG_WARN_DOCUMENTATION_COMMENTS = YES;
				CLANG_WARN_EMPTY_BODY = YES;
				CLANG_WARN_ENUM_CONVERSION = YES;
				CLANG_WARN_INFINITE_RECURSION = YES;
				CLANG_WARN_INT_CONVERSION = YES;
				CLANG_WARN_NON_LITERAL_NULL_CONVERSION = YES;
				CLANG_WARN_OBJC_IMPLICIT_RETAIN_SELF = YES;
				CLANG_WARN_OBJC_LITERAL_CONVERSION = YES;
				CLANG_WARN_OBJC_ROOT_CLASS = YES_ERROR;
				CLANG_WARN_QUOTED_INCLUDE_IN_FRAMEWORK_HEADER = YES;
				CLANG_WARN_RANGE_LOOP_ANALYSIS = YES;
				CLANG_WARN_STRICT_PROTOTYPES = YES;
				CLANG_WARN_SUSPICIOUS_MOVE = YES;
				CLANG_WARN_UNGUARDED_AVAILABILITY = YES_AGGRESSIVE;
				CLANG_WARN_UNREACHABLE_CODE = YES;
				CLANG_WARN__DUPLICATE_METHOD_MATCH = YES;
				COPY_PHASE_STRIP = NO;
				DEBUG_INFORMATION_FORMAT = "dwarf-with-dsym";
				ENABLE_NS_ASSERTIONS = NO;
				ENABLE_STRICT_OBJC_MSGSEND = YES;
				GCC_C_LANGUAGE_STANDARD = gnu11;
				GCC_NO_COMMON_BLOCKS = YES;
				GCC_WARN_64_TO_32_BIT_CONVERSION = YES;
				GCC_WARN_ABOUT_RETURN_TYPE = YES_ERROR;
				GCC_WARN_UNDECLARED_SELECTOR = YES;
				GCC_WARN_UNINITIALIZED_AUTOS = YES_AGGRESSIVE;
				GCC_WARN_UNUSED_FUNCTION = YES;
				GCC_WARN_UNUSED_VARIABLE = YES;
				IPHONEOS_DEPLOYMENT_TARGET = 15.5;
				MTL_ENABLE_DEBUG_INFO = NO;
				MTL_FAST_MATH = YES;
				SDKROOT = iphoneos;
				SWIFT_COMPILATION_MODE = wholemodule;
				SWIFT_OPTIMIZATION_LEVEL = "-O";
				VALIDATE_PRODUCT = YES;
			};
			name = Release;
		};
		C7A7C6A4291E6B4F00B170D0 /* Debug */ = {
			isa = XCBuildConfiguration;
			buildSettings = {
				ASSETCATALOG_COMPILER_APPICON_NAME = Icon;
				ASSETCATALOG_COMPILER_GLOBAL_ACCENT_COLOR_NAME = Accent;
				CODE_SIGN_ENTITLEMENTS = Studio/Others/Studio.entitlements;
				CODE_SIGN_STYLE = Automatic;
				CURRENT_PROJECT_VERSION = 1;
				DEVELOPMENT_TEAM = 68SVGWK7EA;
				GENERATE_INFOPLIST_FILE = YES;
				INFOPLIST_FILE = Studio/Others/Info.plist;
				INFOPLIST_KEY_CFBundleDisplayName = Studio;
				INFOPLIST_KEY_UIApplicationSupportsIndirectInputEvents = YES;
				INFOPLIST_KEY_UILaunchStoryboardName = LaunchScreen;
				INFOPLIST_KEY_UIMainStoryboardFile = MainViewController;
				INFOPLIST_KEY_UIStatusBarHidden = YES;
				INFOPLIST_KEY_UISupportedInterfaceOrientations_iPad = "UIInterfaceOrientationPortrait UIInterfaceOrientationPortraitUpsideDown UIInterfaceOrientationLandscapeLeft UIInterfaceOrientationLandscapeRight";
				INFOPLIST_KEY_UISupportedInterfaceOrientations_iPhone = "UIInterfaceOrientationPortrait UIInterfaceOrientationPortraitUpsideDown UIInterfaceOrientationLandscapeLeft UIInterfaceOrientationLandscapeRight";
				IPHONEOS_DEPLOYMENT_TARGET = 13.6;
				"IPHONEOS_DEPLOYMENT_TARGET[sdk=macosx*]" = 13.1;
				LD_RUNPATH_SEARCH_PATHS = (
					"$(inherited)",
					"@executable_path/Frameworks",
				);
				MARKETING_VERSION = 0.1.0;
				PRODUCT_BUNDLE_IDENTIFIER = com.zuzex.studio;
				PRODUCT_NAME = "$(TARGET_NAME)";
				SUPPORTS_MACCATALYST = YES;
				SWIFT_EMIT_LOC_STRINGS = YES;
				SWIFT_VERSION = 5.0;
				TARGETED_DEVICE_FAMILY = "1,2";
			};
			name = Debug;
		};
		C7A7C6A5291E6B4F00B170D0 /* Release */ = {
			isa = XCBuildConfiguration;
			buildSettings = {
				ASSETCATALOG_COMPILER_APPICON_NAME = Icon;
				ASSETCATALOG_COMPILER_GLOBAL_ACCENT_COLOR_NAME = Accent;
				CODE_SIGN_ENTITLEMENTS = Studio/Others/Studio.entitlements;
				CODE_SIGN_STYLE = Automatic;
				CURRENT_PROJECT_VERSION = 1;
				DEVELOPMENT_TEAM = 68SVGWK7EA;
				GENERATE_INFOPLIST_FILE = YES;
				INFOPLIST_FILE = Studio/Others/Info.plist;
				INFOPLIST_KEY_CFBundleDisplayName = Studio;
				INFOPLIST_KEY_UIApplicationSupportsIndirectInputEvents = YES;
				INFOPLIST_KEY_UILaunchStoryboardName = LaunchScreen;
				INFOPLIST_KEY_UIMainStoryboardFile = MainViewController;
				INFOPLIST_KEY_UIStatusBarHidden = YES;
				INFOPLIST_KEY_UISupportedInterfaceOrientations_iPad = "UIInterfaceOrientationPortrait UIInterfaceOrientationPortraitUpsideDown UIInterfaceOrientationLandscapeLeft UIInterfaceOrientationLandscapeRight";
				INFOPLIST_KEY_UISupportedInterfaceOrientations_iPhone = "UIInterfaceOrientationPortrait UIInterfaceOrientationPortraitUpsideDown UIInterfaceOrientationLandscapeLeft UIInterfaceOrientationLandscapeRight";
				IPHONEOS_DEPLOYMENT_TARGET = 13.6;
				"IPHONEOS_DEPLOYMENT_TARGET[sdk=macosx*]" = 13.1;
				LD_RUNPATH_SEARCH_PATHS = (
					"$(inherited)",
					"@executable_path/Frameworks",
				);
				MARKETING_VERSION = 0.1.0;
				PRODUCT_BUNDLE_IDENTIFIER = com.zuzex.studio;
				PRODUCT_NAME = "$(TARGET_NAME)";
				SUPPORTS_MACCATALYST = YES;
				SWIFT_EMIT_LOC_STRINGS = YES;
				SWIFT_VERSION = 5.0;
				TARGETED_DEVICE_FAMILY = "1,2";
			};
			name = Release;
		};
/* End XCBuildConfiguration section */

/* Begin XCConfigurationList section */
		C7A7C68A291E6B4C00B170D0 /* Build configuration list for PBXProject "Studio" */ = {
			isa = XCConfigurationList;
			buildConfigurations = (
				C7A7C6A1291E6B4F00B170D0 /* Debug */,
				C7A7C6A2291E6B4F00B170D0 /* Release */,
			);
			defaultConfigurationIsVisible = 0;
			defaultConfigurationName = Release;
		};
		C7A7C6A3291E6B4F00B170D0 /* Build configuration list for PBXNativeTarget "Studio" */ = {
			isa = XCConfigurationList;
			buildConfigurations = (
				C7A7C6A4291E6B4F00B170D0 /* Debug */,
				C7A7C6A5291E6B4F00B170D0 /* Release */,
			);
			defaultConfigurationIsVisible = 0;
			defaultConfigurationName = Release;
		};
/* End XCConfigurationList section */
	};
	rootObject = C7A7C687291E6B4C00B170D0 /* Project object */;
}
